
Microsoft Visual Studio Solution File, Format Version 12.00
# Visual Studio Version 17
VisualStudioVersion = 17.10.35004.147
MinimumVisualStudioVersion = 10.0.40219.1
Project("{E53339B2-1760-4266-BCC7-CA923CBCF16C}") = "docker-compose", "docker-compose.dcproj", "{E9770433-D007-4E79-AAF1-5115CADD6CA8}"
EndProject
Project("{9A19103F-16F7-4668-BE54-9A1E7A4F7556}") = "SchoolWebApi", "Schools.WebApi\SchoolWebApi.csproj", "{1E320D2F-1683-4EB8-A41C-0173B0394090}"
EndProject
Project("{9A19103F-16F7-4668-BE54-9A1E7A4F7556}") = "Schools.MVC", "Schools.AspMvc\Schools.MVC.csproj", "{13344C52-89B4-4A2B-A30F-558545AEE8D1}"
EndProject
Global
	GlobalSection(SolutionConfigurationPlatforms) = preSolution
		Debug|Any CPU = Debug|Any CPU
		Release|Any CPU = Release|Any CPU
	EndGlobalSection
	GlobalSection(ProjectConfigurationPlatforms) = postSolution
		{E9770433-D007-4E79-AAF1-5115CADD6CA8}.Debug|Any CPU.ActiveCfg = Debug|Any CPU
		{E9770433-D007-4E79-AAF1-5115CADD6CA8}.Debug|Any CPU.Build.0 = Debug|Any CPU
		{E9770433-D007-4E79-AAF1-5115CADD6CA8}.Release|Any CPU.ActiveCfg = Release|Any CPU
		{E9770433-D007-4E79-AAF1-5115CADD6CA8}.Release|Any CPU.Build.0 = Release|Any CPU
		{1E320D2F-1683-4EB8-A41C-0173B0394090}.Debug|Any CPU.ActiveCfg = Debug|Any CPU
		{1E320D2F-1683-4EB8-A41C-0173B0394090}.Debug|Any CPU.Build.0 = Debug|Any CPU
		{1E320D2F-1683-4EB8-A41C-0173B0394090}.Release|Any CPU.ActiveCfg = Release|Any CPU
		{1E320D2F-1683-4EB8-A41C-0173B0394090}.Release|Any CPU.Build.0 = Release|Any CPU
		{13344C52-89B4-4A2B-A30F-558545AEE8D1}.Debug|Any CPU.ActiveCfg = Debug|Any CPU
		{13344C52-89B4-4A2B-A30F-558545AEE8D1}.Debug|Any CPU.Build.0 = Debug|Any CPU
		{13344C52-89B4-4A2B-A30F-558545AEE8D1}.Release|Any CPU.ActiveCfg = Release|Any CPU
		{13344C52-89B4-4A2B-A30F-558545AEE8D1}.Release|Any CPU.Build.0 = Release|Any CPU
	EndGlobalSection
	GlobalSection(SolutionProperties) = preSolution
		HideSolutionNode = FALSE
	EndGlobalSection
	GlobalSection(ExtensibilityGlobals) = postSolution
		SolutionGuid = {70670221-786F-479A-9113-922C0486D7E4}
	EndGlobalSection
EndGlobal
